
Microsoft Visual Studio Solution File, Format Version 12.00
# Visual Studio Version 17
VisualStudioVersion = 17.12.35728.132
MinimumVisualStudioVersion = 10.0.40219.1
Project("{FAE04EC0-301F-11D3-BF4B-00C04F79EFBC}") = "API", "API\API.csproj", "{CCA75E2F-2ACA-46CB-B43A-AADD27B64E88}"
	ProjectSection(ProjectDependencies) = postProject
		{6E387A5C-4C31-4B20-B2CF-264E4987B997} = {6E387A5C-4C31-4B20-B2CF-264E4987B997}
	EndProjectSection
EndProject
Project("{FAE04EC0-301F-11D3-BF4B-00C04F79EFBC}") = "BLL", "BLL\BLL.csproj", "{06A140CE-8ED2-42AB-AC38-E38B54267782}"
	ProjectSection(ProjectDependencies) = postProject
		{059D3136-4A52-41A6-8EB8-BF0803B74147} = {059D3136-4A52-41A6-8EB8-BF0803B74147}
		{5D6432D5-2FE0-45CE-95F6-D850A451168F} = {5D6432D5-2FE0-45CE-95F6-D850A451168F}
		{6E387A5C-4C31-4B20-B2CF-264E4987B997} = {6E387A5C-4C31-4B20-B2CF-264E4987B997}
		{E3E6F557-42F6-40D9-8F8B-38261444BF0F} = {E3E6F557-42F6-40D9-8F8B-38261444BF0F}
	EndProjectSection
EndProject
Project("{FAE04EC0-301F-11D3-BF4B-00C04F79EFBC}") = "DAL", "DAL\DAL.csproj", "{B134D3E3-D2C6-448B-B7B5-27859B13192A}"
	ProjectSection(ProjectDependencies) = postProject
		{059D3136-4A52-41A6-8EB8-BF0803B74147} = {059D3136-4A52-41A6-8EB8-BF0803B74147}
		{5D6432D5-2FE0-45CE-95F6-D850A451168F} = {5D6432D5-2FE0-45CE-95F6-D850A451168F}
		{E3E6F557-42F6-40D9-8F8B-38261444BF0F} = {E3E6F557-42F6-40D9-8F8B-38261444BF0F}
	EndProjectSection
EndProject
Project("{FAE04EC0-301F-11D3-BF4B-00C04F79EFBC}") = "DTO", "DTO\DTO.csproj", "{6E387A5C-4C31-4B20-B2CF-264E4987B997}"
EndProject
Project("{FAE04EC0-301F-11D3-BF4B-00C04F79EFBC}") = "IBLL", "IBLL\IBLL.csproj", "{E3E6F557-42F6-40D9-8F8B-38261444BF0F}"
	ProjectSection(ProjectDependencies) = postProject
		{6E387A5C-4C31-4B20-B2CF-264E4987B997} = {6E387A5C-4C31-4B20-B2CF-264E4987B997}
	EndProjectSection
EndProject
Project("{FAE04EC0-301F-11D3-BF4B-00C04F79EFBC}") = "IDAL", "IDAL\IDAL.csproj", "{059D3136-4A52-41A6-8EB8-BF0803B74147}"
	ProjectSection(ProjectDependencies) = postProject
		{5D6432D5-2FE0-45CE-95F6-D850A451168F} = {5D6432D5-2FE0-45CE-95F6-D850A451168F}
	EndProjectSection
EndProject
Project("{FAE04EC0-301F-11D3-BF4B-00C04F79EFBC}") = "DBentities", "DBentities\DBentities.csproj", "{5D6432D5-2FE0-45CE-95F6-D850A451168F}"
EndProject
Global
	GlobalSection(SolutionConfigurationPlatforms) = preSolution
		Debug|Any CPU = Debug|Any CPU
		Release|Any CPU = Release|Any CPU
	EndGlobalSection
	GlobalSection(ProjectConfigurationPlatforms) = postSolution
		{CCA75E2F-2ACA-46CB-B43A-AADD27B64E88}.Debug|Any CPU.ActiveCfg = Debug|Any CPU
		{CCA75E2F-2ACA-46CB-B43A-AADD27B64E88}.Debug|Any CPU.Build.0 = Debug|Any CPU
		{CCA75E2F-2ACA-46CB-B43A-AADD27B64E88}.Release|Any CPU.ActiveCfg = Release|Any CPU
		{CCA75E2F-2ACA-46CB-B43A-AADD27B64E88}.Release|Any CPU.Build.0 = Release|Any CPU
		{06A140CE-8ED2-42AB-AC38-E38B54267782}.Debug|Any CPU.ActiveCfg = Debug|Any CPU
		{06A140CE-8ED2-42AB-AC38-E38B54267782}.Debug|Any CPU.Build.0 = Debug|Any CPU
		{06A140CE-8ED2-42AB-AC38-E38B54267782}.Release|Any CPU.ActiveCfg = Release|Any CPU
		{06A140CE-8ED2-42AB-AC38-E38B54267782}.Release|Any CPU.Build.0 = Release|Any CPU
		{B134D3E3-D2C6-448B-B7B5-27859B13192A}.Debug|Any CPU.ActiveCfg = Debug|Any CPU
		{B134D3E3-D2C6-448B-B7B5-27859B13192A}.Debug|Any CPU.Build.0 = Debug|Any CPU
		{B134D3E3-D2C6-448B-B7B5-27859B13192A}.Release|Any CPU.ActiveCfg = Release|Any CPU
		{B134D3E3-D2C6-448B-B7B5-27859B13192A}.Release|Any CPU.Build.0 = Release|Any CPU
		{6E387A5C-4C31-4B20-B2CF-264E4987B997}.Debug|Any CPU.ActiveCfg = Debug|Any CPU
		{6E387A5C-4C31-4B20-B2CF-264E4987B997}.Debug|Any CPU.Build.0 = Debug|Any CPU
		{6E387A5C-4C31-4B20-B2CF-264E4987B997}.Release|Any CPU.ActiveCfg = Release|Any CPU
		{6E387A5C-4C31-4B20-B2CF-264E4987B997}.Release|Any CPU.Build.0 = Release|Any CPU
		{E3E6F557-42F6-40D9-8F8B-38261444BF0F}.Debug|Any CPU.ActiveCfg = Debug|Any CPU
		{E3E6F557-42F6-40D9-8F8B-38261444BF0F}.Debug|Any CPU.Build.0 = Debug|Any CPU
		{E3E6F557-42F6-40D9-8F8B-38261444BF0F}.Release|Any CPU.ActiveCfg = Release|Any CPU
		{E3E6F557-42F6-40D9-8F8B-38261444BF0F}.Release|Any CPU.Build.0 = Release|Any CPU
		{059D3136-4A52-41A6-8EB8-BF0803B74147}.Debug|Any CPU.ActiveCfg = Debug|Any CPU
		{059D3136-4A52-41A6-8EB8-BF0803B74147}.Debug|Any CPU.Build.0 = Debug|Any CPU
		{059D3136-4A52-41A6-8EB8-BF0803B74147}.Release|Any CPU.ActiveCfg = Release|Any CPU
		{059D3136-4A52-41A6-8EB8-BF0803B74147}.Release|Any CPU.Build.0 = Release|Any CPU
		{5D6432D5-2FE0-45CE-95F6-D850A451168F}.Debug|Any CPU.ActiveCfg = Debug|Any CPU
		{5D6432D5-2FE0-45CE-95F6-D850A451168F}.Debug|Any CPU.Build.0 = Debug|Any CPU
		{5D6432D5-2FE0-45CE-95F6-D850A451168F}.Release|Any CPU.ActiveCfg = Release|Any CPU
		{5D6432D5-2FE0-45CE-95F6-D850A451168F}.Release|Any CPU.Build.0 = Release|Any CPU
	EndGlobalSection
	GlobalSection(SolutionProperties) = preSolution
		HideSolutionNode = FALSE
	EndGlobalSection
EndGlobal
